
Microsoft Visual Studio Solution File, Format Version 12.00
# Visual Studio Version 16
VisualStudioVersion = 16.0.30621.155
MinimumVisualStudioVersion = 10.0.40219.1
Project("{FAE04EC0-301F-11D3-BF4B-00C04F79EFBC}") = "Bd_Course_Project", "Bd_Course_Project\Bd_Course_Project.csproj", "{03E1595E-9D9A-4F48-B922-11E19F3E896C}"
EndProject
Global
	GlobalSection(SolutionConfigurationPlatforms) = preSolution
		Debug|Any CPU = Debug|Any CPU
		Release|Any CPU = Release|Any CPU
	EndGlobalSection
	GlobalSection(ProjectConfigurationPlatforms) = postSolution
		{03E1595E-9D9A-4F48-B922-11E19F3E896C}.Debug|Any CPU.ActiveCfg = Debug|Any CPU
		{03E1595E-9D9A-4F48-B922-11E19F3E896C}.Debug|Any CPU.Build.0 = Debug|Any CPU
		{03E1595E-9D9A-4F48-B922-11E19F3E896C}.Release|Any CPU.ActiveCfg = Release|Any CPU
		{03E1595E-9D9A-4F48-B922-11E19F3E896C}.Release|Any CPU.Build.0 = Release|Any CPU
	EndGlobalSection
	GlobalSection(SolutionProperties) = preSolution
		HideSolutionNode = FALSE
	EndGlobalSection
	GlobalSection(ExtensibilityGlobals) = postSolution
		SolutionGuid = {825C03A8-9241-4BEF-9809-0172A24D46A9}
	EndGlobalSection
EndGlobal
